// !$*UTF8*$!
{
	archiveVersion = 1;
	classes = {
	};
	objectVersion = 46;
	objects = {

/* Begin PBXBuildFile section */
		00F745A819D57B31001495B2 /* Foundation.framework in Frameworks */ = {isa = PBXBuildFile; fileRef = 00F745A719D57B31001495B2 /* Foundation.framework */; };
		00F745AA19D57B31001495B2 /* CoreGraphics.framework in Frameworks */ = {isa = PBXBuildFile; fileRef = 00F745A919D57B31001495B2 /* CoreGraphics.framework */; };
		00F745AC19D57B31001495B2 /* UIKit.framework in Frameworks */ = {isa = PBXBuildFile; fileRef = 00F745AB19D57B31001495B2 /* UIKit.framework */; };
		00F745B219D57B31001495B2 /* InfoPlist.strings in Resources */ = {isa = PBXBuildFile; fileRef = 00F745B019D57B31001495B2 /* InfoPlist.strings */; };
		00F745B419D57B31001495B2 /* main.m in Sources */ = {isa = PBXBuildFile; fileRef = 00F745B319D57B31001495B2 /* main.m */; };
		00F745B819D57B31001495B2 /* DashboardAppDelegate.m in Sources */ = {isa = PBXBuildFile; fileRef = 00F745B719D57B31001495B2 /* DashboardAppDelegate.m */; };
		00F745BB19D57B31001495B2 /* Main.storyboard in Resources */ = {isa = PBXBuildFile; fileRef = 00F745B919D57B31001495B2 /* Main.storyboard */; };
		00F745BE19D57B31001495B2 /* DashboardViewController.m in Sources */ = {isa = PBXBuildFile; fileRef = 00F745BD19D57B31001495B2 /* DashboardViewController.m */; };
		00F745C019D57B31001495B2 /* Images.xcassets in Resources */ = {isa = PBXBuildFile; fileRef = 00F745BF19D57B31001495B2 /* Images.xcassets */; };
		00F745C719D57B31001495B2 /* XCTest.framework in Frameworks */ = {isa = PBXBuildFile; fileRef = 00F745C619D57B31001495B2 /* XCTest.framework */; };
		00F745C819D57B31001495B2 /* Foundation.framework in Frameworks */ = {isa = PBXBuildFile; fileRef = 00F745A719D57B31001495B2 /* Foundation.framework */; };
		00F745C919D57B31001495B2 /* UIKit.framework in Frameworks */ = {isa = PBXBuildFile; fileRef = 00F745AB19D57B31001495B2 /* UIKit.framework */; };
		00F745D119D57B31001495B2 /* InfoPlist.strings in Resources */ = {isa = PBXBuildFile; fileRef = 00F745CF19D57B31001495B2 /* InfoPlist.strings */; };
		00F745D319D57B31001495B2 /* PlayWithTextTests.m in Sources */ = {isa = PBXBuildFile; fileRef = 00F745D219D57B31001495B2 /* PlayWithTextTests.m */; };
/* End PBXBuildFile section */

/* Begin PBXContainerItemProxy section */
		00F745CA19D57B31001495B2 /* PBXContainerItemProxy */ = {
			isa = PBXContainerItemProxy;
			containerPortal = 00F7459C19D57B31001495B2 /* Project object */;
			proxyType = 1;
			remoteGlobalIDString = 00F745A319D57B31001495B2;
			remoteInfo = PlayWithText;
		};
/* End PBXContainerItemProxy section */

/* Begin PBXFileReference section */
		00F745A419D57B31001495B2 /* PlayWithText.app */ = {isa = PBXFileReference; explicitFileType = wrapper.application; includeInIndex = 0; path = PlayWithText.app; sourceTree = BUILT_PRODUCTS_DIR; };
		00F745A719D57B31001495B2 /* Foundation.framework */ = {isa = PBXFileReference; lastKnownFileType = wrapper.framework; name = Foundation.framework; path = System/Library/Frameworks/Foundation.framework; sourceTree = SDKROOT; };
		00F745A919D57B31001495B2 /* CoreGraphics.framework */ = {isa = PBXFileReference; lastKnownFileType = wrapper.framework; name = CoreGraphics.framework; path = System/Library/Frameworks/CoreGraphics.framework; sourceTree = SDKROOT; };
		00F745AB19D57B31001495B2 /* UIKit.framework */ = {isa = PBXFileReference; lastKnownFileType = wrapper.framework; name = UIKit.framework; path = System/Library/Frameworks/UIKit.framework; sourceTree = SDKROOT; };
		00F745AF19D57B31001495B2 /* PlayWithText-Info.plist */ = {isa = PBXFileReference; lastKnownFileType = text.plist.xml; path = "PlayWithText-Info.plist"; sourceTree = "<group>"; };
		00F745B119D57B31001495B2 /* en */ = {isa = PBXFileReference; lastKnownFileType = text.plist.strings; name = en; path = en.lproj/InfoPlist.strings; sourceTree = "<group>"; };
		00F745B319D57B31001495B2 /* main.m */ = {isa = PBXFileReference; lastKnownFileType = sourcecode.c.objc; path = main.m; sourceTree = "<group>"; };
		00F745B519D57B31001495B2 /* PlayWithText-Prefix.pch */ = {isa = PBXFileReference; lastKnownFileType = sourcecode.c.h; path = "PlayWithText-Prefix.pch"; sourceTree = "<group>"; };
		00F745B619D57B31001495B2 /* DashboardAppDelegate.h */ = {isa = PBXFileReference; lastKnownFileType = sourcecode.c.h; path = DashboardAppDelegate.h; sourceTree = "<group>"; };
		00F745B719D57B31001495B2 /* DashboardAppDelegate.m */ = {isa = PBXFileReference; lastKnownFileType = sourcecode.c.objc; path = DashboardAppDelegate.m; sourceTree = "<group>"; };
		00F745BA19D57B31001495B2 /* Base */ = {isa = PBXFileReference; lastKnownFileType = file.storyboard; name = Base; path = Base.lproj/Main.storyboard; sourceTree = "<group>"; };
		00F745BC19D57B31001495B2 /* DashboardViewController.h */ = {isa = PBXFileReference; lastKnownFileType = sourcecode.c.h; path = DashboardViewController.h; sourceTree = "<group>"; };
		00F745BD19D57B31001495B2 /* DashboardViewController.m */ = {isa = PBXFileReference; lastKnownFileType = sourcecode.c.objc; path = DashboardViewController.m; sourceTree = "<group>"; };
		00F745BF19D57B31001495B2 /* Images.xcassets */ = {isa = PBXFileReference; lastKnownFileType = folder.assetcatalog; path = Images.xcassets; sourceTree = "<group>"; };
		00F745C519D57B31001495B2 /* PlayWithTextTests.xctest */ = {isa = PBXFileReference; explicitFileType = wrapper.cfbundle; includeInIndex = 0; path = PlayWithTextTests.xctest; sourceTree = BUILT_PRODUCTS_DIR; };
		00F745C619D57B31001495B2 /* XCTest.framework */ = {isa = PBXFileReference; lastKnownFileType = wrapper.framework; name = XCTest.framework; path = Library/Frameworks/XCTest.framework; sourceTree = DEVELOPER_DIR; };
		00F745CE19D57B31001495B2 /* PlayWithTextTests-Info.plist */ = {isa = PBXFileReference; lastKnownFileType = text.plist.xml; path = "PlayWithTextTests-Info.plist"; sourceTree = "<group>"; };
		00F745D019D57B31001495B2 /* en */ = {isa = PBXFileReference; lastKnownFileType = text.plist.strings; name = en; path = en.lproj/InfoPlist.strings; sourceTree = "<group>"; };
		00F745D219D57B31001495B2 /* PlayWithTextTests.m */ = {isa = PBXFileReference; lastKnownFileType = sourcecode.c.objc; path = PlayWithTextTests.m; sourceTree = "<group>"; };
/* End PBXFileReference section */

/* Begin PBXFrameworksBuildPhase section */
		00F745A119D57B31001495B2 /* Frameworks */ = {
			isa = PBXFrameworksBuildPhase;
			buildActionMask = 2147483647;
			files = (
				00F745AA19D57B31001495B2 /* CoreGraphics.framework in Frameworks */,
				00F745AC19D57B31001495B2 /* UIKit.framework in Frameworks */,
				00F745A819D57B31001495B2 /* Foundation.framework in Frameworks */,
			);
			runOnlyForDeploymentPostprocessing = 0;
		};
		00F745C219D57B31001495B2 /* Frameworks */ = {
			isa = PBXFrameworksBuildPhase;
			buildActionMask = 2147483647;
			files = (
				00F745C719D57B31001495B2 /* XCTest.framework in Frameworks */,
				00F745C919D57B31001495B2 /* UIKit.framework in Frameworks */,
				00F745C819D57B31001495B2 /* Foundation.framework in Frameworks */,
			);
			runOnlyForDeploymentPostprocessing = 0;
		};
/* End PBXFrameworksBuildPhase section */

/* Begin PBXGroup section */
		00F7459B19D57B31001495B2 = {
			isa = PBXGroup;
			children = (
				00F745AD19D57B31001495B2 /* PlayWithText */,
				00F745CC19D57B31001495B2 /* PlayWithTextTests */,
				00F745A619D57B31001495B2 /* Frameworks */,
				00F745A519D57B31001495B2 /* Products */,
			);
			sourceTree = "<group>";
		};
		00F745A519D57B31001495B2 /* Products */ = {
			isa = PBXGroup;
			children = (
				00F745A419D57B31001495B2 /* PlayWithText.app */,
				00F745C519D57B31001495B2 /* PlayWithTextTests.xctest */,
			);
			name = Products;
			sourceTree = "<group>";
		};
		00F745A619D57B31001495B2 /* Frameworks */ = {
			isa = PBXGroup;
			children = (
				00F745A719D57B31001495B2 /* Foundation.framework */,
				00F745A919D57B31001495B2 /* CoreGraphics.framework */,
				00F745AB19D57B31001495B2 /* UIKit.framework */,
				00F745C619D57B31001495B2 /* XCTest.framework */,
			);
			name = Frameworks;
			sourceTree = "<group>";
		};
		00F745AD19D57B31001495B2 /* PlayWithText */ = {
			isa = PBXGroup;
			children = (
				00F745B619D57B31001495B2 /* DashboardAppDelegate.h */,
				00F745B719D57B31001495B2 /* DashboardAppDelegate.m */,
				00F745B919D57B31001495B2 /* Main.storyboard */,
				00F745BC19D57B31001495B2 /* DashboardViewController.h */,
				00F745BD19D57B31001495B2 /* DashboardViewController.m */,
				00F745BF19D57B31001495B2 /* Images.xcassets */,
				00F745AE19D57B31001495B2 /* Supporting Files */,
			);
			path = PlayWithText;
			sourceTree = "<group>";
		};
		00F745AE19D57B31001495B2 /* Supporting Files */ = {
			isa = PBXGroup;
			children = (
				00F745AF19D57B31001495B2 /* PlayWithText-Info.plist */,
				00F745B019D57B31001495B2 /* InfoPlist.strings */,
				00F745B319D57B31001495B2 /* main.m */,
				00F745B519D57B31001495B2 /* PlayWithText-Prefix.pch */,
			);
			name = "Supporting Files";
			sourceTree = "<group>";
		};
		00F745CC19D57B31001495B2 /* PlayWithTextTests */ = {
			isa = PBXGroup;
			children = (
				00F745D219D57B31001495B2 /* PlayWithTextTests.m */,
				00F745CD19D57B31001495B2 /* Supporting Files */,
			);
			path = PlayWithTextTests;
			sourceTree = "<group>";
		};
		00F745CD19D57B31001495B2 /* Supporting Files */ = {
			isa = PBXGroup;
			children = (
				00F745CE19D57B31001495B2 /* PlayWithTextTests-Info.plist */,
				00F745CF19D57B31001495B2 /* InfoPlist.strings */,
			);
			name = "Supporting Files";
			sourceTree = "<group>";
		};
/* End PBXGroup section */

/* Begin PBXNativeTarget section */
		00F745A319D57B31001495B2 /* PlayWithText */ = {
			isa = PBXNativeTarget;
			buildConfigurationList = 00F745D619D57B31001495B2 /* Build configuration list for PBXNativeTarget "PlayWithText" */;
			buildPhases = (
				00F745A019D57B31001495B2 /* Sources */,
				00F745A119D57B31001495B2 /* Frameworks */,
				00F745A219D57B31001495B2 /* Resources */,
			);
			buildRules = (
			);
			dependencies = (
			);
			name = PlayWithText;
			productName = PlayWithText;
			productReference = 00F745A419D57B31001495B2 /* PlayWithText.app */;
			productType = "com.apple.product-type.application";
		};
		00F745C419D57B31001495B2 /* PlayWithTextTests */ = {
			isa = PBXNativeTarget;
			buildConfigurationList = 00F745D919D57B31001495B2 /* Build configuration list for PBXNativeTarget "PlayWithTextTests" */;
			buildPhases = (
				00F745C119D57B31001495B2 /* Sources */,
				00F745C219D57B31001495B2 /* Frameworks */,
				00F745C319D57B31001495B2 /* Resources */,
			);
			buildRules = (
			);
			dependencies = (
				00F745CB19D57B31001495B2 /* PBXTargetDependency */,
			);
			name = PlayWithTextTests;
			productName = PlayWithTextTests;
			productReference = 00F745C519D57B31001495B2 /* PlayWithTextTests.xctest */;
			productType = "com.apple.product-type.bundle.unit-test";
		};
/* End PBXNativeTarget section */

/* Begin PBXProject section */
		00F7459C19D57B31001495B2 /* Project object */ = {
			isa = PBXProject;
			attributes = {
				CLASSPREFIX = Dashboard;
				LastUpgradeCheck = 0510;
				ORGANIZATIONNAME = Razorfish;
				TargetAttributes = {
					00F745C419D57B31001495B2 = {
						TestTargetID = 00F745A319D57B31001495B2;
					};
				};
			};
			buildConfigurationList = 00F7459F19D57B31001495B2 /* Build configuration list for PBXProject "PlayWithText" */;
			compatibilityVersion = "Xcode 3.2";
			developmentRegion = English;
			hasScannedForEncodings = 0;
			knownRegions = (
				en,
				Base,
			);
			mainGroup = 00F7459B19D57B31001495B2;
			productRefGroup = 00F745A519D57B31001495B2 /* Products */;
			projectDirPath = "";
			projectRoot = "";
			targets = (
				00F745A319D57B31001495B2 /* PlayWithText */,
				00F745C419D57B31001495B2 /* PlayWithTextTests */,
			);
		};
/* End PBXProject section */

/* Begin PBXResourcesBuildPhase section */
		00F745A219D57B31001495B2 /* Resources */ = {
			isa = PBXResourcesBuildPhase;
			buildActionMask = 2147483647;
			files = (
				00F745C019D57B31001495B2 /* Images.xcassets in Resources */,
				00F745B219D57B31001495B2 /* InfoPlist.strings in Resources */,
				00F745BB19D57B31001495B2 /* Main.storyboard in Resources */,
			);
			runOnlyForDeploymentPostprocessing = 0;
		};
		00F745C319D57B31001495B2 /* Resources */ = {
			isa = PBXResourcesBuildPhase;
			buildActionMask = 2147483647;
			files = (
				00F745D119D57B31001495B2 /* InfoPlist.strings in Resources */,
			);
			runOnlyForDeploymentPostprocessing = 0;
		};
/* End PBXResourcesBuildPhase section */

/* Begin PBXSourcesBuildPhase section */
		00F745A019D57B31001495B2 /* Sources */ = {
			isa = PBXSourcesBuildPhase;
			buildActionMask = 2147483647;
			files = (
				00F745B419D57B31001495B2 /* main.m in Sources */,
				00F745BE19D57B31001495B2 /* DashboardViewController.m in Sources */,
				00F745B819D57B31001495B2 /* DashboardAppDelegate.m in Sources */,
			);
			runOnlyForDeploymentPostprocessing = 0;
		};
		00F745C119D57B31001495B2 /* Sources */ = {
			isa = PBXSourcesBuildPhase;
			buildActionMask = 2147483647;
			files = (
				00F745D319D57B31001495B2 /* PlayWithTextTests.m in Sources */,
			);
			runOnlyForDeploymentPostprocessing = 0;
		};
/* End PBXSourcesBuildPhase section */

/* Begin PBXTargetDependency section */
		00F745CB19D57B31001495B2 /* PBXTargetDependency */ = {
			isa = PBXTargetDependency;
			target = 00F745A319D57B31001495B2 /* PlayWithText */;
			targetProxy = 00F745CA19D57B31001495B2 /* PBXContainerItemProxy */;
		};
/* End PBXTargetDependency section */

/* Begin PBXVariantGroup section */
		00F745B019D57B31001495B2 /* InfoPlist.strings */ = {
			isa = PBXVariantGroup;
			children = (
				00F745B119D57B31001495B2 /* en */,
			);
			name = InfoPlist.strings;
			sourceTree = "<group>";
		};
		00F745B919D57B31001495B2 /* Main.storyboard */ = {
			isa = PBXVariantGroup;
			children = (
				00F745BA19D57B31001495B2 /* Base */,
			);
			name = Main.storyboard;
			sourceTree = "<group>";
		};
		00F745CF19D57B31001495B2 /* InfoPlist.strings */ = {
			isa = PBXVariantGroup;
			children = (
				00F745D019D57B31001495B2 /* en */,
			);
			name = InfoPlist.strings;
			sourceTree = "<group>";
		};
/* End PBXVariantGroup section */

/* Begin XCBuildConfiguration section */
		00F745D419D57B31001495B2 /* Debug */ = {
			isa = XCBuildConfiguration;
			buildSettings = {
				ALWAYS_SEARCH_USER_PATHS = NO;
				CLANG_CXX_LANGUAGE_STANDARD = "gnu++0x";
				CLANG_CXX_LIBRARY = "libc++";
				CLANG_ENABLE_MODULES = YES;
				CLANG_ENABLE_OBJC_ARC = YES;
				CLANG_WARN_BOOL_CONVERSION = YES;
				CLANG_WARN_CONSTANT_CONVERSION = YES;
				CLANG_WARN_DIRECT_OBJC_ISA_USAGE = YES_ERROR;
				CLANG_WARN_EMPTY_BODY = YES;
				CLANG_WARN_ENUM_CONVERSION = YES;
				CLANG_WARN_INT_CONVERSION = YES;
				CLANG_WARN_OBJC_ROOT_CLASS = YES_ERROR;
				CLANG_WARN__DUPLICATE_METHOD_MATCH = YES;
				CODE_SIGN_IDENTITY = "iPhone Distribution: ARIOSE SOFTWARE PRIVATE LIMITED";
				"CODE_SIGN_IDENTITY[sdk=iphoneos*]" = "iPhone Distribution: ARIOSE SOFTWARE PRIVATE LIMITED";
				COPY_PHASE_STRIP = NO;
				GCC_C_LANGUAGE_STANDARD = gnu99;
				GCC_DYNAMIC_NO_PIC = NO;
				GCC_OPTIMIZATION_LEVEL = 0;
				GCC_PREPROCESSOR_DEFINITIONS = (
					"DEBUG=1",
					"$(inherited)",
				);
				GCC_SYMBOLS_PRIVATE_EXTERN = NO;
				GCC_WARN_64_TO_32_BIT_CONVERSION = YES;
				GCC_WARN_ABOUT_RETURN_TYPE = YES_ERROR;
				GCC_WARN_UNDECLARED_SELECTOR = YES;
				GCC_WARN_UNINITIALIZED_AUTOS = YES_AGGRESSIVE;
				GCC_WARN_UNUSED_FUNCTION = YES;
				GCC_WARN_UNUSED_VARIABLE = YES;
				IPHONEOS_DEPLOYMENT_TARGET = 7.1;
				ONLY_ACTIVE_ARCH = YES;
				PROVISIONING_PROFILE = "4BDD1881-59F3-4F05-A429-9A2631F11A54";
				SDKROOT = iphoneos;
			};
			name = Debug;
		};
		00F745D519D57B31001495B2 /* Release */ = {
			isa = XCBuildConfiguration;
			buildSettings = {
				ALWAYS_SEARCH_USER_PATHS = NO;
				CLANG_CXX_LANGUAGE_STANDARD = "gnu++0x";
				CLANG_CXX_LIBRARY = "libc++";
				CLANG_ENABLE_MODULES = YES;
				CLANG_ENABLE_OBJC_ARC = YES;
				CLANG_WARN_BOOL_CONVERSION = YES;
				CLANG_WARN_CONSTANT_CONVERSION = YES;
				CLANG_WARN_DIRECT_OBJC_ISA_USAGE = YES_ERROR;
				CLANG_WARN_EMPTY_BODY = YES;
				CLANG_WARN_ENUM_CONVERSION = YES;
				CLANG_WARN_INT_CONVERSION = YES;
				CLANG_WARN_OBJC_ROOT_CLASS = YES_ERROR;
				CLANG_WARN__DUPLICATE_METHOD_MATCH = YES;
				CODE_SIGN_IDENTITY = "iPhone Distribution: ARIOSE SOFTWARE PRIVATE LIMITED";
				"CODE_SIGN_IDENTITY[sdk=iphoneos*]" = "iPhone Distribution: ARIOSE SOFTWARE PRIVATE LIMITED";
				COPY_PHASE_STRIP = YES;
				ENABLE_NS_ASSERTIONS = NO;
				GCC_C_LANGUAGE_STANDARD = gnu99;
				GCC_WARN_64_TO_32_BIT_CONVERSION = YES;
				GCC_WARN_ABOUT_RETURN_TYPE = YES_ERROR;
				GCC_WARN_UNDECLARED_SELECTOR = YES;
				GCC_WARN_UNINITIALIZED_AUTOS = YES_AGGRESSIVE;
				GCC_WARN_UNUSED_FUNCTION = YES;
				GCC_WARN_UNUSED_VARIABLE = YES;
				IPHONEOS_DEPLOYMENT_TARGET = 7.1;
				PROVISIONING_PROFILE = "4BDD1881-59F3-4F05-A429-9A2631F11A54";
				SDKROOT = iphoneos;
				VALIDATE_PRODUCT = YES;
			};
			name = Release;
		};
		00F745D719D57B31001495B2 /* Debug */ = {
			isa = XCBuildConfiguration;
			buildSettings = {
				ASSETCATALOG_COMPILER_APPICON_NAME = AppIcon;
				ASSETCATALOG_COMPILER_LAUNCHIMAGE_NAME = LaunchImage;
				CODE_SIGN_IDENTITY = "iPhone Distribution: ARIOSE SOFTWARE PRIVATE LIMITED";
				GCC_PRECOMPILE_PREFIX_HEADER = YES;
				GCC_PREFIX_HEADER = "PlayWithText/PlayWithText-Prefix.pch";
				INFOPLIST_FILE = "PlayWithText/PlayWithText-Info.plist";
				PRODUCT_NAME = "$(TARGET_NAME)";
				PROVISIONING_PROFILE = "4BDD1881-59F3-4F05-A429-9A2631F11A54";
				WRAPPER_EXTENSION = app;
			};
			name = Debug;
		};
		00F745D819D57B31001495B2 /* Release */ = {
			isa = XCBuildConfiguration;
			buildSettings = {
				ASSETCATALOG_COMPILER_APPICON_NAME = AppIcon;
				ASSETCATALOG_COMPILER_LAUNCHIMAGE_NAME = LaunchImage;
				CODE_SIGN_IDENTITY = "iPhone Distribution: ARIOSE SOFTWARE PRIVATE LIMITED";
				GCC_PRECOMPILE_PREFIX_HEADER = YES;
				GCC_PREFIX_HEADER = "PlayWithText/PlayWithText-Prefix.pch";
				INFOPLIST_FILE = "PlayWithText/PlayWithText-Info.plist";
				PRODUCT_NAME = "$(TARGET_NAME)";
				PROVISIONING_PROFILE = "4BDD1881-59F3-4F05-A429-9A2631F11A54";
				WRAPPER_EXTENSION = app;
			};
			name = Release;
		};
		00F745DA19D57B31001495B2 /* Debug */ = {
			isa = XCBuildConfiguration;
			buildSettings = {
				BUNDLE_LOADER = "$(BUILT_PRODUCTS_DIR)/PlayWithText.app/PlayWithText";
				FRAMEWORK_SEARCH_PATHS = (
					"$(SDKROOT)/Developer/Library/Frameworks",
					"$(inherited)",
					"$(DEVELOPER_FRAMEWORKS_DIR)",
				);
				GCC_PRECOMPILE_PREFIX_HEADER = YES;
				GCC_PREFIX_HEADER = "PlayWithText/PlayWithText-Prefix.pch";
				GCC_PREPROCESSOR_DEFINITIONS = (
					"DEBUG=1",
					"$(inherited)",
				);
				INFOPLIST_FILE = "PlayWithTextTests/PlayWithTextTests-Info.plist";
				PRODUCT_NAME = "$(TARGET_NAME)";
				TEST_HOST = "$(BUNDLE_LOADER)";
				WRAPPER_EXTENSION = xctest;
			};
			name = Debug;
		};
		00F745DB19D57B31001495B2 /* Release */ = {
			isa = XCBuildConfiguration;
			buildSettings = {
				BUNDLE_LOADER = "$(BUILT_PRODUCTS_DIR)/PlayWithText.app/PlayWithText";
				FRAMEWORK_SEARCH_PATHS = (
					"$(SDKROOT)/Developer/Library/Frameworks",
					"$(inherited)",
					"$(DEVELOPER_FRAMEWORKS_DIR)",
				);
				GCC_PRECOMPILE_PREFIX_HEADER = YES;
				GCC_PREFIX_HEADER = "PlayWithText/PlayWithText-Prefix.pch";
				INFOPLIST_FILE = "PlayWithTextTests/PlayWithTextTests-Info.plist";
				PRODUCT_NAME = "$(TARGET_NAME)";
				TEST_HOST = "$(BUNDLE_LOADER)";
				WRAPPER_EXTENSION = xctest;
			};
			name = Release;
		};
/* End XCBuildConfiguration section */

/* Begin XCConfigurationList section */
		00F7459F19D57B31001495B2 /* Build configuration list for PBXProject "PlayWithText" */ = {
			isa = XCConfigurationList;
			buildConfigurations = (
				00F745D419D57B31001495B2 /* Debug */,
				00F745D519D57B31001495B2 /* Release */,
			);
			defaultConfigurationIsVisible = 0;
			defaultConfigurationName = Release;
		};
		00F745D619D57B31001495B2 /* Build configuration list for PBXNativeTarget "PlayWithText" */ = {
			isa = XCConfigurationList;
			buildConfigurations = (
				00F745D719D57B31001495B2 /* Debug */,
				00F745D819D57B31001495B2 /* Release */,
			);
			defaultConfigurationIsVisible = 0;
			defaultConfigurationName = Release;
		};
		00F745D919D57B31001495B2 /* Build configuration list for PBXNativeTarget "PlayWithTextTests" */ = {
			isa = XCConfigurationList;
			buildConfigurations = (
				00F745DA19D57B31001495B2 /* Debug */,
				00F745DB19D57B31001495B2 /* Release */,
			);
			defaultConfigurationIsVisible = 0;
			defaultConfigurationName = Release;
		};
/* End XCConfigurationList section */
	};
	rootObject = 00F7459C19D57B31001495B2 /* Project object */;
}
